
Microsoft Visual Studio Solution File, Format Version 12.00
# Visual Studio Version 17
VisualStudioVersion = 17.2.32516.85
MinimumVisualStudioVersion = 10.0.40219.1
Project("{8BC9CEB8-8B4A-11D0-8D11-00A0C91BC942}") = "Lianliankan", "Lianliankan.vcxproj", "{1CB5F380-80BE-4493-87D3-CA994DC1F6A3}"
EndProject
Global
	GlobalSection(SolutionConfigurationPlatforms) = preSolution
		Debug|x64 = Debug|x64
		Debug|x86 = Debug|x86
		Release|x64 = Release|x64
		Release|x86 = Release|x86
	EndGlobalSection
	GlobalSection(ProjectConfigurationPlatforms) = postSolution
		{1CB5F380-80BE-4493-87D3-CA994DC1F6A3}.Debug|x64.ActiveCfg = Debug|x64
		{1CB5F380-80BE-4493-87D3-CA994DC1F6A3}.Debug|x64.Build.0 = Debug|x64
		{1CB5F380-80BE-4493-87D3-CA994DC1F6A3}.Debug|x86.ActiveCfg = Debug|Win32
		{1CB5F380-80BE-4493-87D3-CA994DC1F6A3}.Debug|x86.Build.0 = Debug|Win32
		{1CB5F380-80BE-4493-87D3-CA994DC1F6A3}.Release|x64.ActiveCfg = Release|x64
		{1CB5F380-80BE-4493-87D3-CA994DC1F6A3}.Release|x64.Build.0 = Release|x64
		{1CB5F380-80BE-4493-87D3-CA994DC1F6A3}.Release|x86.ActiveCfg = Release|Win32
		{1CB5F380-80BE-4493-87D3-CA994DC1F6A3}.Release|x86.Build.0 = Release|Win32
	EndGlobalSection
	GlobalSection(SolutionProperties) = preSolution
		HideSolutionNode = FALSE
	EndGlobalSection
	GlobalSection(ExtensibilityGlobals) = postSolution
		SolutionGuid = {0BCCCEC8-43FD-418C-883C-1A23A8B1F56F}
	EndGlobalSection
EndGlobal
